
Microsoft Visual Studio Solution File, Format Version 12.00
# Visual Studio Version 17
VisualStudioVersion = 17.2.32516.85
MinimumVisualStudioVersion = 10.0.40219.1
Project("{FAE04EC0-301F-11D3-BF4B-00C04F79EFBC}") = "PresupuestoFamiliar", "PresupuestoFamiliar.csproj", "{A7882DAA-D4E6-411B-9486-4044628C9987}"
EndProject
Global
	GlobalSection(SolutionConfigurationPlatforms) = preSolution
		Debug|Any CPU = Debug|Any CPU
		Release|Any CPU = Release|Any CPU
	EndGlobalSection
	GlobalSection(ProjectConfigurationPlatforms) = postSolution
		{A7882DAA-D4E6-411B-9486-4044628C9987}.Debug|Any CPU.ActiveCfg = Debug|Any CPU
		{A7882DAA-D4E6-411B-9486-4044628C9987}.Debug|Any CPU.Build.0 = Debug|Any CPU
		{A7882DAA-D4E6-411B-9486-4044628C9987}.Release|Any CPU.ActiveCfg = Release|Any CPU
		{A7882DAA-D4E6-411B-9486-4044628C9987}.Release|Any CPU.Build.0 = Release|Any CPU
	EndGlobalSection
	GlobalSection(SolutionProperties) = preSolution
		HideSolutionNode = FALSE
	EndGlobalSection
	GlobalSection(ExtensibilityGlobals) = postSolution
		SolutionGuid = {C7DCCC5C-6BF5-43F6-A400-C0DBD7835765}
	EndGlobalSection
EndGlobal
